
Microsoft Visual Studio Solution File, Format Version 12.00
# Visual Studio Version 17
VisualStudioVersion = 17.14.37111.16 d17.14
MinimumVisualStudioVersion = 10.0.40219.1
Project("{FAE04EC0-301F-11D3-BF4B-00C04F79EFBC}") = "xuan_quiz4_dotnet", "xuan_quiz4_dotnet\xuan_quiz4_dotnet.csproj", "{85F5690D-2EFF-4E2D-82C3-2127A98E672E}"
EndProject
Global
	GlobalSection(SolutionConfigurationPlatforms) = preSolution
		Debug|Any CPU = Debug|Any CPU
		Release|Any CPU = Release|Any CPU
	EndGlobalSection
	GlobalSection(ProjectConfigurationPlatforms) = postSolution
		{85F5690D-2EFF-4E2D-82C3-2127A98E672E}.Debug|Any CPU.ActiveCfg = Debug|Any CPU
		{85F5690D-2EFF-4E2D-82C3-2127A98E672E}.Debug|Any CPU.Build.0 = Debug|Any CPU
		{85F5690D-2EFF-4E2D-82C3-2127A98E672E}.Release|Any CPU.ActiveCfg = Release|Any CPU
		{85F5690D-2EFF-4E2D-82C3-2127A98E672E}.Release|Any CPU.Build.0 = Release|Any CPU
	EndGlobalSection
	GlobalSection(SolutionProperties) = preSolution
		HideSolutionNode = FALSE
	EndGlobalSection
	GlobalSection(ExtensibilityGlobals) = postSolution
		SolutionGuid = {B69DCF5E-1EA1-4E7E-8A3D-E12674C2ECBA}
	EndGlobalSection
EndGlobal
